
Microsoft Visual Studio Solution File, Format Version 12.00
# Visual Studio Version 17
VisualStudioVersion = 17.1.32407.343
MinimumVisualStudioVersion = 10.0.40219.1
Project("{FAE04EC0-301F-11D3-BF4B-00C04F79EFBC}") = "ProyectoEFCore", "ProyectoEFCore\ProyectoEFCore.csproj", "{CF8D7D08-70F6-4AD8-9CEB-8C7AB4F2813B}"
EndProject
Project("{FAE04EC0-301F-11D3-BF4B-00C04F79EFBC}") = "ProyectoEFCore.Entidades", "ProyectoEFCore.Entidades\ProyectoEFCore.Entidades.csproj", "{9799B233-8FAC-4FD5-9E9B-CABDF315E1A5}"
EndProject
Project("{FAE04EC0-301F-11D3-BF4B-00C04F79EFBC}") = "ProyectoEFCore.AccesoDatos", "ProyectoEFCore.AccesoDatos\ProyectoEFCore.AccesoDatos.csproj", "{8A2045F5-94FB-4C40-B423-502A4CB59F0D}"
EndProject
Project("{FAE04EC0-301F-11D3-BF4B-00C04F79EFBC}") = "ProyectoEFCore.Services", "ProyectoEFCore.Services\ProyectoEFCore.Services.csproj", "{D0B70E98-0177-46AA-BE84-A81B871BFDE3}"
EndProject
Project("{FAE04EC0-301F-11D3-BF4B-00C04F79EFBC}") = "ProyectoEFCore.Dto", "ProyectoEFCore.Dto\ProyectoEFCore.Dto.csproj", "{5C4D3CED-2F76-48B9-A5E1-6E8BEDECF7BA}"
EndProject
Global
	GlobalSection(SolutionConfigurationPlatforms) = preSolution
		Debug|Any CPU = Debug|Any CPU
		Release|Any CPU = Release|Any CPU
	EndGlobalSection
	GlobalSection(ProjectConfigurationPlatforms) = postSolution
		{CF8D7D08-70F6-4AD8-9CEB-8C7AB4F2813B}.Debug|Any CPU.ActiveCfg = Debug|Any CPU
		{CF8D7D08-70F6-4AD8-9CEB-8C7AB4F2813B}.Debug|Any CPU.Build.0 = Debug|Any CPU
		{CF8D7D08-70F6-4AD8-9CEB-8C7AB4F2813B}.Release|Any CPU.ActiveCfg = Release|Any CPU
		{CF8D7D08-70F6-4AD8-9CEB-8C7AB4F2813B}.Release|Any CPU.Build.0 = Release|Any CPU
		{9799B233-8FAC-4FD5-9E9B-CABDF315E1A5}.Debug|Any CPU.ActiveCfg = Debug|Any CPU
		{9799B233-8FAC-4FD5-9E9B-CABDF315E1A5}.Debug|Any CPU.Build.0 = Debug|Any CPU
		{9799B233-8FAC-4FD5-9E9B-CABDF315E1A5}.Release|Any CPU.ActiveCfg = Release|Any CPU
		{9799B233-8FAC-4FD5-9E9B-CABDF315E1A5}.Release|Any CPU.Build.0 = Release|Any CPU
		{8A2045F5-94FB-4C40-B423-502A4CB59F0D}.Debug|Any CPU.ActiveCfg = Debug|Any CPU
		{8A2045F5-94FB-4C40-B423-502A4CB59F0D}.Debug|Any CPU.Build.0 = Debug|Any CPU
		{8A2045F5-94FB-4C40-B423-502A4CB59F0D}.Release|Any CPU.ActiveCfg = Release|Any CPU
		{8A2045F5-94FB-4C40-B423-502A4CB59F0D}.Release|Any CPU.Build.0 = Release|Any CPU
		{D0B70E98-0177-46AA-BE84-A81B871BFDE3}.Debug|Any CPU.ActiveCfg = Debug|Any CPU
		{D0B70E98-0177-46AA-BE84-A81B871BFDE3}.Debug|Any CPU.Build.0 = Debug|Any CPU
		{D0B70E98-0177-46AA-BE84-A81B871BFDE3}.Release|Any CPU.ActiveCfg = Release|Any CPU
		{D0B70E98-0177-46AA-BE84-A81B871BFDE3}.Release|Any CPU.Build.0 = Release|Any CPU
		{5C4D3CED-2F76-48B9-A5E1-6E8BEDECF7BA}.Debug|Any CPU.ActiveCfg = Debug|Any CPU
		{5C4D3CED-2F76-48B9-A5E1-6E8BEDECF7BA}.Debug|Any CPU.Build.0 = Debug|Any CPU
		{5C4D3CED-2F76-48B9-A5E1-6E8BEDECF7BA}.Release|Any CPU.ActiveCfg = Release|Any CPU
		{5C4D3CED-2F76-48B9-A5E1-6E8BEDECF7BA}.Release|Any CPU.Build.0 = Release|Any CPU
	EndGlobalSection
	GlobalSection(SolutionProperties) = preSolution
		HideSolutionNode = FALSE
	EndGlobalSection
	GlobalSection(ExtensibilityGlobals) = postSolution
		SolutionGuid = {69CA5917-E019-4D0D-A496-ABA557E11772}
	EndGlobalSection
EndGlobal
